
Microsoft Visual Studio Solution File, Format Version 12.00
# Visual Studio 2013
VisualStudioVersion = 12.0.31101.0
MinimumVisualStudioVersion = 10.0.40219.1
Project("{FAE04EC0-301F-11D3-BF4B-00C04F79EFBC}") = "ADAS.GoTango", "GoTango\ADAS.GoTango.csproj", "{7CD41262-425D-4446-B805-C3696197F0F0}"
EndProject
Project("{FAE04EC0-301F-11D3-BF4B-00C04F79EFBC}") = "ADAS.GoTango.AuthServ", "GoTango.AuthServ\ADAS.GoTango.AuthServ.csproj", "{E07A6C7C-FC26-4728-A065-E62F6FA89F7C}"
EndProject
Project("{FAE04EC0-301F-11D3-BF4B-00C04F79EFBC}") = "ADAS.GoTango.Api", "GoTango.Api\ADAS.GoTango.Api.csproj", "{84A17154-0336-4583-BE33-D80F5DD39038}"
EndProject
Project("{FAE04EC0-301F-11D3-BF4B-00C04F79EFBC}") = "ADAS.GoTango.Api.Tests", "GoTango.Api.Tests\ADAS.GoTango.Api.Tests.csproj", "{25007FE1-8710-4700-99B7-611C1B306AAC}"
EndProject
Project("{FAE04EC0-301F-11D3-BF4B-00C04F79EFBC}") = "ADAS.GoTango.Business", "GoTango.Business\ADAS.GoTango.Business.csproj", "{EB272399-6EED-4271-98C2-227E9F869FB0}"
EndProject
Project("{FAE04EC0-301F-11D3-BF4B-00C04F79EFBC}") = "ADAS.GoTango.Repository", "GoTango.Repository\ADAS.GoTango.Repository.csproj", "{FFB31B10-6E7A-4A6D-AC05-FAA458D632BA}"
EndProject
Project("{FAE04EC0-301F-11D3-BF4B-00C04F79EFBC}") = "ADAS.GoTango.Security", "GoTango.Security\ADAS.GoTango.Security.csproj", "{96DD3A7E-7AED-401B-B708-A9890DE8181A}"
EndProject
Project("{FAE04EC0-301F-11D3-BF4B-00C04F79EFBC}") = "ADAS.GoTango.Helpers", "GoTango.Helpers\ADAS.GoTango.Helpers.csproj", "{DFCD9FE8-0E86-49BF-B82B-8BA6FB66DE4B}"
EndProject
Project("{FAE04EC0-301F-11D3-BF4B-00C04F79EFBC}") = "ADAS.GoTango.Infrastructure", "GoTango.Infrastructure\ADAS.GoTango.Infrastructure.csproj", "{402F71AF-EA78-4985-B876-DE592D30F94F}"
EndProject
Project("{FAE04EC0-301F-11D3-BF4B-00C04F79EFBC}") = "ADAS.GoTango.DTO", "GoTango.Model\ADAS.GoTango.DTO.csproj", "{52EDD6EF-895F-42FB-A7CD-4E5DB2B1CCF5}"
EndProject
Project("{FAE04EC0-301F-11D3-BF4B-00C04F79EFBC}") = "ADAS.GoTango.Extension", "GoTango.Extension\ADAS.GoTango.Extension.csproj", "{F3D8F894-190C-412F-8598-F997766836F8}"
EndProject
Project("{FAE04EC0-301F-11D3-BF4B-00C04F79EFBC}") = "ADAS.GoTango.DAL", "GoTango.DataAccessLayer\ADAS.GoTango.DAL.csproj", "{4D86734C-B951-43A8-87E5-098F6EADE003}"
EndProject
Project("{FAE04EC0-301F-11D3-BF4B-00C04F79EFBC}") = "ADAS.GoTango.AuthServ.ConfigAsm", "ADAS.GoTango.AuthServ.ConfigAsm\ADAS.GoTango.AuthServ.ConfigAsm.csproj", "{063D6ADE-0666-442B-B9CA-D11FC200D1FC}"
EndProject
Global
	GlobalSection(SolutionConfigurationPlatforms) = preSolution
		Debug|Any CPU = Debug|Any CPU
		Release|Any CPU = Release|Any CPU
	EndGlobalSection
	GlobalSection(ProjectConfigurationPlatforms) = postSolution
		{7CD41262-425D-4446-B805-C3696197F0F0}.Debug|Any CPU.ActiveCfg = Debug|Any CPU
		{7CD41262-425D-4446-B805-C3696197F0F0}.Debug|Any CPU.Build.0 = Debug|Any CPU
		{7CD41262-425D-4446-B805-C3696197F0F0}.Release|Any CPU.ActiveCfg = Release|Any CPU
		{7CD41262-425D-4446-B805-C3696197F0F0}.Release|Any CPU.Build.0 = Release|Any CPU
		{E07A6C7C-FC26-4728-A065-E62F6FA89F7C}.Debug|Any CPU.ActiveCfg = Debug|Any CPU
		{E07A6C7C-FC26-4728-A065-E62F6FA89F7C}.Debug|Any CPU.Build.0 = Debug|Any CPU
		{E07A6C7C-FC26-4728-A065-E62F6FA89F7C}.Release|Any CPU.ActiveCfg = Release|Any CPU
		{E07A6C7C-FC26-4728-A065-E62F6FA89F7C}.Release|Any CPU.Build.0 = Release|Any CPU
		{84A17154-0336-4583-BE33-D80F5DD39038}.Debug|Any CPU.ActiveCfg = Debug|Any CPU
		{84A17154-0336-4583-BE33-D80F5DD39038}.Debug|Any CPU.Build.0 = Debug|Any CPU
		{84A17154-0336-4583-BE33-D80F5DD39038}.Release|Any CPU.ActiveCfg = Release|Any CPU
		{84A17154-0336-4583-BE33-D80F5DD39038}.Release|Any CPU.Build.0 = Release|Any CPU
		{25007FE1-8710-4700-99B7-611C1B306AAC}.Debug|Any CPU.ActiveCfg = Debug|Any CPU
		{25007FE1-8710-4700-99B7-611C1B306AAC}.Debug|Any CPU.Build.0 = Debug|Any CPU
		{25007FE1-8710-4700-99B7-611C1B306AAC}.Release|Any CPU.ActiveCfg = Release|Any CPU
		{25007FE1-8710-4700-99B7-611C1B306AAC}.Release|Any CPU.Build.0 = Release|Any CPU
		{EB272399-6EED-4271-98C2-227E9F869FB0}.Debug|Any CPU.ActiveCfg = Debug|Any CPU
		{EB272399-6EED-4271-98C2-227E9F869FB0}.Debug|Any CPU.Build.0 = Debug|Any CPU
		{EB272399-6EED-4271-98C2-227E9F869FB0}.Release|Any CPU.ActiveCfg = Release|Any CPU
		{EB272399-6EED-4271-98C2-227E9F869FB0}.Release|Any CPU.Build.0 = Release|Any CPU
		{FFB31B10-6E7A-4A6D-AC05-FAA458D632BA}.Debug|Any CPU.ActiveCfg = Debug|Any CPU
		{FFB31B10-6E7A-4A6D-AC05-FAA458D632BA}.Debug|Any CPU.Build.0 = Debug|Any CPU
		{FFB31B10-6E7A-4A6D-AC05-FAA458D632BA}.Release|Any CPU.ActiveCfg = Release|Any CPU
		{FFB31B10-6E7A-4A6D-AC05-FAA458D632BA}.Release|Any CPU.Build.0 = Release|Any CPU
		{96DD3A7E-7AED-401B-B708-A9890DE8181A}.Debug|Any CPU.ActiveCfg = Debug|Any CPU
		{96DD3A7E-7AED-401B-B708-A9890DE8181A}.Debug|Any CPU.Build.0 = Debug|Any CPU
		{96DD3A7E-7AED-401B-B708-A9890DE8181A}.Release|Any CPU.ActiveCfg = Release|Any CPU
		{96DD3A7E-7AED-401B-B708-A9890DE8181A}.Release|Any CPU.Build.0 = Release|Any CPU
		{DFCD9FE8-0E86-49BF-B82B-8BA6FB66DE4B}.Debug|Any CPU.ActiveCfg = Debug|Any CPU
		{DFCD9FE8-0E86-49BF-B82B-8BA6FB66DE4B}.Debug|Any CPU.Build.0 = Debug|Any CPU
		{DFCD9FE8-0E86-49BF-B82B-8BA6FB66DE4B}.Release|Any CPU.ActiveCfg = Release|Any CPU
		{DFCD9FE8-0E86-49BF-B82B-8BA6FB66DE4B}.Release|Any CPU.Build.0 = Release|Any CPU
		{402F71AF-EA78-4985-B876-DE592D30F94F}.Debug|Any CPU.ActiveCfg = Debug|Any CPU
		{402F71AF-EA78-4985-B876-DE592D30F94F}.Debug|Any CPU.Build.0 = Debug|Any CPU
		{402F71AF-EA78-4985-B876-DE592D30F94F}.Release|Any CPU.ActiveCfg = Release|Any CPU
		{402F71AF-EA78-4985-B876-DE592D30F94F}.Release|Any CPU.Build.0 = Release|Any CPU
		{52EDD6EF-895F-42FB-A7CD-4E5DB2B1CCF5}.Debug|Any CPU.ActiveCfg = Debug|Any CPU
		{52EDD6EF-895F-42FB-A7CD-4E5DB2B1CCF5}.Debug|Any CPU.Build.0 = Debug|Any CPU
		{52EDD6EF-895F-42FB-A7CD-4E5DB2B1CCF5}.Release|Any CPU.ActiveCfg = Release|Any CPU
		{52EDD6EF-895F-42FB-A7CD-4E5DB2B1CCF5}.Release|Any CPU.Build.0 = Release|Any CPU
		{F3D8F894-190C-412F-8598-F997766836F8}.Debug|Any CPU.ActiveCfg = Debug|Any CPU
		{F3D8F894-190C-412F-8598-F997766836F8}.Debug|Any CPU.Build.0 = Debug|Any CPU
		{F3D8F894-190C-412F-8598-F997766836F8}.Release|Any CPU.ActiveCfg = Release|Any CPU
		{F3D8F894-190C-412F-8598-F997766836F8}.Release|Any CPU.Build.0 = Release|Any CPU
		{4D86734C-B951-43A8-87E5-098F6EADE003}.Debug|Any CPU.ActiveCfg = Debug|Any CPU
		{4D86734C-B951-43A8-87E5-098F6EADE003}.Debug|Any CPU.Build.0 = Debug|Any CPU
		{4D86734C-B951-43A8-87E5-098F6EADE003}.Release|Any CPU.ActiveCfg = Release|Any CPU
		{4D86734C-B951-43A8-87E5-098F6EADE003}.Release|Any CPU.Build.0 = Release|Any CPU
		{063D6ADE-0666-442B-B9CA-D11FC200D1FC}.Debug|Any CPU.ActiveCfg = Debug|Any CPU
		{063D6ADE-0666-442B-B9CA-D11FC200D1FC}.Debug|Any CPU.Build.0 = Debug|Any CPU
		{063D6ADE-0666-442B-B9CA-D11FC200D1FC}.Release|Any CPU.ActiveCfg = Release|Any CPU
		{063D6ADE-0666-442B-B9CA-D11FC200D1FC}.Release|Any CPU.Build.0 = Release|Any CPU
	EndGlobalSection
	GlobalSection(SolutionProperties) = preSolution
		HideSolutionNode = FALSE
	EndGlobalSection
EndGlobal
